
Microsoft Visual Studio Solution File, Format Version 12.00
# Visual Studio Version 17
VisualStudioVersion = 17.13.35931.197 d17.13
MinimumVisualStudioVersion = 10.0.40219.1
Project("{FAE04EC0-301F-11D3-BF4B-00C04F79EFBC}") = "task3", "task3\task3.csproj", "{411B95EF-32F6-4702-99E2-EF61D4544049}"
EndProject
Global
	GlobalSection(SolutionConfigurationPlatforms) = preSolution
		Debug|Any CPU = Debug|Any CPU
		Release|Any CPU = Release|Any CPU
	EndGlobalSection
	GlobalSection(ProjectConfigurationPlatforms) = postSolution
		{411B95EF-32F6-4702-99E2-EF61D4544049}.Debug|Any CPU.ActiveCfg = Debug|Any CPU
		{411B95EF-32F6-4702-99E2-EF61D4544049}.Debug|Any CPU.Build.0 = Debug|Any CPU
		{411B95EF-32F6-4702-99E2-EF61D4544049}.Release|Any CPU.ActiveCfg = Release|Any CPU
		{411B95EF-32F6-4702-99E2-EF61D4544049}.Release|Any CPU.Build.0 = Release|Any CPU
	EndGlobalSection
	GlobalSection(SolutionProperties) = preSolution
		HideSolutionNode = FALSE
	EndGlobalSection
	GlobalSection(ExtensibilityGlobals) = postSolution
		SolutionGuid = {5C2E2D18-F468-4A10-A48A-5605D7828E55}
	EndGlobalSection
EndGlobal
